// !$*UTF8*$!
{
	archiveVersion = 1;
	classes = {
	};
	objectVersion = 50;
	objects = {

/* Begin PBXBuildFile section */
		817330AE24AFA4CC00E66671 /* AppDelegate.swift in Sources */ = {isa = PBXBuildFile; fileRef = 817330AD24AFA4CC00E66671 /* AppDelegate.swift */; };
		817330B024AFA4CC00E66671 /* SceneDelegate.swift in Sources */ = {isa = PBXBuildFile; fileRef = 817330AF24AFA4CC00E66671 /* SceneDelegate.swift */; };
		817330B224AFA4CC00E66671 /* ViewController.swift in Sources */ = {isa = PBXBuildFile; fileRef = 817330B124AFA4CC00E66671 /* ViewController.swift */; };
		817330B524AFA4CC00E66671 /* Main.storyboard in Resources */ = {isa = PBXBuildFile; fileRef = 817330B324AFA4CC00E66671 /* Main.storyboard */; };
		817330B824AFA4CC00E66671 /* todo_app.xcdatamodeld in Sources */ = {isa = PBXBuildFile; fileRef = 817330B624AFA4CC00E66671 /* todo_app.xcdatamodeld */; };
		817330BA24AFA4CD00E66671 /* Assets.xcassets in Resources */ = {isa = PBXBuildFile; fileRef = 817330B924AFA4CD00E66671 /* Assets.xcassets */; };
		817330BD24AFA4CD00E66671 /* LaunchScreen.storyboard in Resources */ = {isa = PBXBuildFile; fileRef = 817330BB24AFA4CD00E66671 /* LaunchScreen.storyboard */; };
		817330C624AFA54200E66671 /* AddEditViewController.swift in Sources */ = {isa = PBXBuildFile; fileRef = 817330C424AFA54200E66671 /* AddEditViewController.swift */; };
		817330C724AFA54200E66671 /* AddEditViewController.xib in Resources */ = {isa = PBXBuildFile; fileRef = 817330C524AFA54200E66671 /* AddEditViewController.xib */; };
		817330D424B01D7B00E66671 /* OnboardingViewController.swift in Sources */ = {isa = PBXBuildFile; fileRef = 817330D224B01D7B00E66671 /* OnboardingViewController.swift */; };
		817330D524B01D7B00E66671 /* OnboardingViewController.xib in Resources */ = {isa = PBXBuildFile; fileRef = 817330D324B01D7B00E66671 /* OnboardingViewController.xib */; };
		817330D924B0896B00E66671 /* HomeTableViewController.swift in Sources */ = {isa = PBXBuildFile; fileRef = 817330D824B0896B00E66671 /* HomeTableViewController.swift */; };
		81E1E85824B09AD0009697A8 /* Todo.swift in Sources */ = {isa = PBXBuildFile; fileRef = 81E1E85724B09AD0009697A8 /* Todo.swift */; };
		81E1E85A24B120FD009697A8 /* TodoTableViewCell.swift in Sources */ = {isa = PBXBuildFile; fileRef = 81E1E85924B120FD009697A8 /* TodoTableViewCell.swift */; };
/* End PBXBuildFile section */

/* Begin PBXFileReference section */
		817330AA24AFA4CC00E66671 /* todo_app.app */ = {isa = PBXFileReference; explicitFileType = wrapper.application; includeInIndex = 0; path = todo_app.app; sourceTree = BUILT_PRODUCTS_DIR; };
		817330AD24AFA4CC00E66671 /* AppDelegate.swift */ = {isa = PBXFileReference; lastKnownFileType = sourcecode.swift; path = AppDelegate.swift; sourceTree = "<group>"; };
		817330AF24AFA4CC00E66671 /* SceneDelegate.swift */ = {isa = PBXFileReference; lastKnownFileType = sourcecode.swift; path = SceneDelegate.swift; sourceTree = "<group>"; };
		817330B124AFA4CC00E66671 /* ViewController.swift */ = {isa = PBXFileReference; lastKnownFileType = sourcecode.swift; path = ViewController.swift; sourceTree = "<group>"; };
		817330B424AFA4CC00E66671 /* Base */ = {isa = PBXFileReference; lastKnownFileType = file.storyboard; name = Base; path = Base.lproj/Main.storyboard; sourceTree = "<group>"; };
		817330B724AFA4CC00E66671 /* todo_app.xcdatamodel */ = {isa = PBXFileReference; lastKnownFileType = wrapper.xcdatamodel; path = todo_app.xcdatamodel; sourceTree = "<group>"; };
		817330B924AFA4CD00E66671 /* Assets.xcassets */ = {isa = PBXFileReference; lastKnownFileType = folder.assetcatalog; path = Assets.xcassets; sourceTree = "<group>"; };
		817330BC24AFA4CD00E66671 /* Base */ = {isa = PBXFileReference; lastKnownFileType = file.storyboard; name = Base; path = Base.lproj/LaunchScreen.storyboard; sourceTree = "<group>"; };
		817330BE24AFA4CD00E66671 /* Info.plist */ = {isa = PBXFileReference; lastKnownFileType = text.plist.xml; path = Info.plist; sourceTree = "<group>"; };
		817330C424AFA54200E66671 /* AddEditViewController.swift */ = {isa = PBXFileReference; lastKnownFileType = sourcecode.swift; path = AddEditViewController.swift; sourceTree = "<group>"; };
		817330C524AFA54200E66671 /* AddEditViewController.xib */ = {isa = PBXFileReference; lastKnownFileType = file.xib; path = AddEditViewController.xib; sourceTree = "<group>"; };
		817330D224B01D7B00E66671 /* OnboardingViewController.swift */ = {isa = PBXFileReference; lastKnownFileType = sourcecode.swift; path = OnboardingViewController.swift; sourceTree = "<group>"; };
		817330D324B01D7B00E66671 /* OnboardingViewController.xib */ = {isa = PBXFileReference; lastKnownFileType = file.xib; path = OnboardingViewController.xib; sourceTree = "<group>"; };
		817330D824B0896B00E66671 /* HomeTableViewController.swift */ = {isa = PBXFileReference; lastKnownFileType = sourcecode.swift; path = HomeTableViewController.swift; sourceTree = "<group>"; };
		81E1E85724B09AD0009697A8 /* Todo.swift */ = {isa = PBXFileReference; lastKnownFileType = sourcecode.swift; path = Todo.swift; sourceTree = "<group>"; };
		81E1E85924B120FD009697A8 /* TodoTableViewCell.swift */ = {isa = PBXFileReference; lastKnownFileType = sourcecode.swift; path = TodoTableViewCell.swift; sourceTree = "<group>"; };
/* End PBXFileReference section */

/* Begin PBXFrameworksBuildPhase section */
		817330A724AFA4CC00E66671 /* Frameworks */ = {
			isa = PBXFrameworksBuildPhase;
			buildActionMask = 2147483647;
			files = (
			);
			runOnlyForDeploymentPostprocessing = 0;
		};
/* End PBXFrameworksBuildPhase section */

/* Begin PBXGroup section */
		817330A124AFA4CC00E66671 = {
			isa = PBXGroup;
			children = (
				817330AC24AFA4CC00E66671 /* todo_app */,
				817330AB24AFA4CC00E66671 /* Products */,
			);
			sourceTree = "<group>";
		};
		817330AB24AFA4CC00E66671 /* Products */ = {
			isa = PBXGroup;
			children = (
				817330AA24AFA4CC00E66671 /* todo_app.app */,
			);
			name = Products;
			sourceTree = "<group>";
		};
		817330AC24AFA4CC00E66671 /* todo_app */ = {
			isa = PBXGroup;
			children = (
				817330AD24AFA4CC00E66671 /* AppDelegate.swift */,
				817330AF24AFA4CC00E66671 /* SceneDelegate.swift */,
				817330D624B0874E00E66671 /* Controllers */,
				817330D724B0878200E66671 /* Views */,
				817330BE24AFA4CD00E66671 /* Info.plist */,
				817330B924AFA4CD00E66671 /* Assets.xcassets */,
				817330B624AFA4CC00E66671 /* todo_app.xcdatamodeld */,
				81E1E85724B09AD0009697A8 /* Todo.swift */,
			);
			path = todo_app;
			sourceTree = "<group>";
		};
		817330D624B0874E00E66671 /* Controllers */ = {
			isa = PBXGroup;
			children = (
				817330B124AFA4CC00E66671 /* ViewController.swift */,
				817330C424AFA54200E66671 /* AddEditViewController.swift */,
				817330D224B01D7B00E66671 /* OnboardingViewController.swift */,
				817330D824B0896B00E66671 /* HomeTableViewController.swift */,
				81E1E85924B120FD009697A8 /* TodoTableViewCell.swift */,
			);
			path = Controllers;
			sourceTree = "<group>";
		};
		817330D724B0878200E66671 /* Views */ = {
			isa = PBXGroup;
			children = (
				817330B324AFA4CC00E66671 /* Main.storyboard */,
				817330BB24AFA4CD00E66671 /* LaunchScreen.storyboard */,
				817330C524AFA54200E66671 /* AddEditViewController.xib */,
				817330D324B01D7B00E66671 /* OnboardingViewController.xib */,
			);
			path = Views;
			sourceTree = "<group>";
		};
/* End PBXGroup section */

/* Begin PBXNativeTarget section */
		817330A924AFA4CC00E66671 /* todo_app */ = {
			isa = PBXNativeTarget;
			buildConfigurationList = 817330C124AFA4CD00E66671 /* Build configuration list for PBXNativeTarget "todo_app" */;
			buildPhases = (
				817330A624AFA4CC00E66671 /* Sources */,
				817330A724AFA4CC00E66671 /* Frameworks */,
				817330A824AFA4CC00E66671 /* Resources */,
			);
			buildRules = (
			);
			dependencies = (
			);
			name = todo_app;
			productName = todo_app;
			productReference = 817330AA24AFA4CC00E66671 /* todo_app.app */;
			productType = "com.apple.product-type.application";
		};
/* End PBXNativeTarget section */

/* Begin PBXProject section */
		817330A224AFA4CC00E66671 /* Project object */ = {
			isa = PBXProject;
			attributes = {
				LastSwiftUpdateCheck = 1150;
				LastUpgradeCheck = 1150;
				ORGANIZATIONNAME = Vinicius;
				TargetAttributes = {
					817330A924AFA4CC00E66671 = {
						CreatedOnToolsVersion = 11.5;
					};
				};
			};
			buildConfigurationList = 817330A524AFA4CC00E66671 /* Build configuration list for PBXProject "todo_app" */;
			compatibilityVersion = "Xcode 9.3";
			developmentRegion = en;
			hasScannedForEncodings = 0;
			knownRegions = (
				en,
				Base,
			);
			mainGroup = 817330A124AFA4CC00E66671;
			productRefGroup = 817330AB24AFA4CC00E66671 /* Products */;
			projectDirPath = "";
			projectRoot = "";
			targets = (
				817330A924AFA4CC00E66671 /* todo_app */,
			);
		};
/* End PBXProject section */

/* Begin PBXResourcesBuildPhase section */
		817330A824AFA4CC00E66671 /* Resources */ = {
			isa = PBXResourcesBuildPhase;
			buildActionMask = 2147483647;
			files = (
				817330C724AFA54200E66671 /* AddEditViewController.xib in Resources */,
				817330BD24AFA4CD00E66671 /* LaunchScreen.storyboard in Resources */,
				817330D524B01D7B00E66671 /* OnboardingViewController.xib in Resources */,
				817330BA24AFA4CD00E66671 /* Assets.xcassets in Resources */,
				817330B524AFA4CC00E66671 /* Main.storyboard in Resources */,
			);
			runOnlyForDeploymentPostprocessing = 0;
		};
/* End PBXResourcesBuildPhase section */

/* Begin PBXSourcesBuildPhase section */
		817330A624AFA4CC00E66671 /* Sources */ = {
			isa = PBXSourcesBuildPhase;
			buildActionMask = 2147483647;
			files = (
				817330B224AFA4CC00E66671 /* ViewController.swift in Sources */,
				817330D424B01D7B00E66671 /* OnboardingViewController.swift in Sources */,
				817330C624AFA54200E66671 /* AddEditViewController.swift in Sources */,
				81E1E85A24B120FD009697A8 /* TodoTableViewCell.swift in Sources */,
				81E1E85824B09AD0009697A8 /* Todo.swift in Sources */,
				817330AE24AFA4CC00E66671 /* AppDelegate.swift in Sources */,
				817330B024AFA4CC00E66671 /* SceneDelegate.swift in Sources */,
				817330D924B0896B00E66671 /* HomeTableViewController.swift in Sources */,
				817330B824AFA4CC00E66671 /* todo_app.xcdatamodeld in Sources */,
			);
			runOnlyForDeploymentPostprocessing = 0;
		};
/* End PBXSourcesBuildPhase section */

/* Begin PBXVariantGroup section */
		817330B324AFA4CC00E66671 /* Main.storyboard */ = {
			isa = PBXVariantGroup;
			children = (
				817330B424AFA4CC00E66671 /* Base */,
			);
			name = Main.storyboard;
			sourceTree = "<group>";
		};
		817330BB24AFA4CD00E66671 /* LaunchScreen.storyboard */ = {
			isa = PBXVariantGroup;
			children = (
				817330BC24AFA4CD00E66671 /* Base */,
			);
			name = LaunchScreen.storyboard;
			sourceTree = "<group>";
		};
/* End PBXVariantGroup section */

/* Begin XCBuildConfiguration section */
		817330BF24AFA4CD00E66671 /* Debug */ = {
			isa = XCBuildConfiguration;
			buildSettings = {
				ALWAYS_SEARCH_USER_PATHS = NO;
				CLANG_ANALYZER_NONNULL = YES;
				CLANG_ANALYZER_NUMBER_OBJECT_CONVERSION = YES_AGGRESSIVE;
				CLANG_CXX_LANGUAGE_STANDARD = "gnu++14";
				CLANG_CXX_LIBRARY = "libc++";
				CLANG_ENABLE_MODULES = YES;
				CLANG_ENABLE_OBJC_ARC = YES;
				CLANG_ENABLE_OBJC_WEAK = YES;
				CLANG_WARN_BLOCK_CAPTURE_AUTORELEASING = YES;
				CLANG_WARN_BOOL_CONVERSION = YES;
				CLANG_WARN_COMMA = YES;
				CLANG_WARN_CONSTANT_CONVERSION = YES;
				CLANG_WARN_DEPRECATED_OBJC_IMPLEMENTATIONS = YES;
				CLANG_WARN_DIRECT_OBJC_ISA_USAGE = YES_ERROR;
				CLANG_WARN_DOCUMENTATION_COMMENTS = YES;
				CLANG_WARN_EMPTY_BODY = YES;
				CLANG_WARN_ENUM_CONVERSION = YES;
				CLANG_WARN_INFINITE_RECURSION = YES;
				CLANG_WARN_INT_CONVERSION = YES;
				CLANG_WARN_NON_LITERAL_NULL_CONVERSION = YES;
				CLANG_WARN_OBJC_IMPLICIT_RETAIN_SELF = YES;
				CLANG_WARN_OBJC_LITERAL_CONVERSION = YES;
				CLANG_WARN_OBJC_ROOT_CLASS = YES_ERROR;
				CLANG_WARN_RANGE_LOOP_ANALYSIS = YES;
				CLANG_WARN_STRICT_PROTOTYPES = YES;
				CLANG_WARN_SUSPICIOUS_MOVE = YES;
				CLANG_WARN_UNGUARDED_AVAILABILITY = YES_AGGRESSIVE;
				CLANG_WARN_UNREACHABLE_CODE = YES;
				CLANG_WARN__DUPLICATE_METHOD_MATCH = YES;
				COPY_PHASE_STRIP = NO;
				DEBUG_INFORMATION_FORMAT = dwarf;
				ENABLE_STRICT_OBJC_MSGSEND = YES;
				ENABLE_TESTABILITY = YES;
				GCC_C_LANGUAGE_STANDARD = gnu11;
				GCC_DYNAMIC_NO_PIC = NO;
				GCC_NO_COMMON_BLOCKS = YES;
				GCC_OPTIMIZATION_LEVEL = 0;
				GCC_PREPROCESSOR_DEFINITIONS = (
					"DEBUG=1",
					"$(inherited)",
				);
				GCC_WARN_64_TO_32_BIT_CONVERSION = YES;
				GCC_WARN_ABOUT_RETURN_TYPE = YES_ERROR;
				GCC_WARN_UNDECLARED_SELECTOR = YES;
				GCC_WARN_UNINITIALIZED_AUTOS = YES_AGGRESSIVE;
				GCC_WARN_UNUSED_FUNCTION = YES;
				GCC_WARN_UNUSED_VARIABLE = YES;
				IPHONEOS_DEPLOYMENT_TARGET = 13.5;
				MTL_ENABLE_DEBUG_INFO = INCLUDE_SOURCE;
				MTL_FAST_MATH = YES;
				ONLY_ACTIVE_ARCH = YES;
				SDKROOT = iphoneos;
				SWIFT_ACTIVE_COMPILATION_CONDITIONS = DEBUG;
				SWIFT_OPTIMIZATION_LEVEL = "-Onone";
			};
			name = Debug;
		};
		817330C024AFA4CD00E66671 /* Release */ = {
			isa = XCBuildConfiguration;
			buildSettings = {
				ALWAYS_SEARCH_USER_PATHS = NO;
				CLANG_ANALYZER_NONNULL = YES;
				CLANG_ANALYZER_NUMBER_OBJECT_CONVERSION = YES_AGGRESSIVE;
				CLANG_CXX_LANGUAGE_STANDARD = "gnu++14";
				CLANG_CXX_LIBRARY = "libc++";
				CLANG_ENABLE_MODULES = YES;
				CLANG_ENABLE_OBJC_ARC = YES;
				CLANG_ENABLE_OBJC_WEAK = YES;
				CLANG_WARN_BLOCK_CAPTURE_AUTORELEASING = YES;
				CLANG_WARN_BOOL_CONVERSION = YES;
				CLANG_WARN_COMMA = YES;
				CLANG_WARN_CONSTANT_CONVERSION = YES;
				CLANG_WARN_DEPRECATED_OBJC_IMPLEMENTATIONS = YES;
				CLANG_WARN_DIRECT_OBJC_ISA_USAGE = YES_ERROR;
				CLANG_WARN_DOCUMENTATION_COMMENTS = YES;
				CLANG_WARN_EMPTY_BODY = YES;
				CLANG_WARN_ENUM_CONVERSION = YES;
				CLANG_WARN_INFINITE_RECURSION = YES;
				CLANG_WARN_INT_CONVERSION = YES;
				CLANG_WARN_NON_LITERAL_NULL_CONVERSION = YES;
				CLANG_WARN_OBJC_IMPLICIT_RETAIN_SELF = YES;
				CLANG_WARN_OBJC_LITERAL_CONVERSION = YES;
				CLANG_WARN_OBJC_ROOT_CLASS = YES_ERROR;
				CLANG_WARN_RANGE_LOOP_ANALYSIS = YES;
				CLANG_WARN_STRICT_PROTOTYPES = YES;
				CLANG_WARN_SUSPICIOUS_MOVE = YES;
				CLANG_WARN_UNGUARDED_AVAILABILITY = YES_AGGRESSIVE;
				CLANG_WARN_UNREACHABLE_CODE = YES;
				CLANG_WARN__DUPLICATE_METHOD_MATCH = YES;
				COPY_PHASE_STRIP = NO;
				DEBUG_INFORMATION_FORMAT = "dwarf-with-dsym";
				ENABLE_NS_ASSERTIONS = NO;
				ENABLE_STRICT_OBJC_MSGSEND = YES;
				GCC_C_LANGUAGE_STANDARD = gnu11;
				GCC_NO_COMMON_BLOCKS = YES;
				GCC_WARN_64_TO_32_BIT_CONVERSION = YES;
				GCC_WARN_ABOUT_RETURN_TYPE = YES_ERROR;
				GCC_WARN_UNDECLARED_SELECTOR = YES;
				GCC_WARN_UNINITIALIZED_AUTOS = YES_AGGRESSIVE;
				GCC_WARN_UNUSED_FUNCTION = YES;
				GCC_WARN_UNUSED_VARIABLE = YES;
				IPHONEOS_DEPLOYMENT_TARGET = 13.5;
				MTL_ENABLE_DEBUG_INFO = NO;
				MTL_FAST_MATH = YES;
				SDKROOT = iphoneos;
				SWIFT_COMPILATION_MODE = wholemodule;
				SWIFT_OPTIMIZATION_LEVEL = "-O";
				VALIDATE_PRODUCT = YES;
			};
			name = Release;
		};
		817330C224AFA4CD00E66671 /* Debug */ = {
			isa = XCBuildConfiguration;
			buildSettings = {
				ASSETCATALOG_COMPILER_APPICON_NAME = AppIcon;
				CODE_SIGN_STYLE = Automatic;
				INFOPLIST_FILE = todo_app/Info.plist;
				LD_RUNPATH_SEARCH_PATHS = (
					"$(inherited)",
					"@executable_path/Frameworks",
				);
				PRODUCT_BUNDLE_IDENTIFIER = "com.viniesantana.todo-app";
				PRODUCT_NAME = "$(TARGET_NAME)";
				SWIFT_VERSION = 5.0;
				TARGETED_DEVICE_FAMILY = "1,2";
			};
			name = Debug;
		};
		817330C324AFA4CD00E66671 /* Release */ = {
			isa = XCBuildConfiguration;
			buildSettings = {
				ASSETCATALOG_COMPILER_APPICON_NAME = AppIcon;
				CODE_SIGN_STYLE = Automatic;
				INFOPLIST_FILE = todo_app/Info.plist;
				LD_RUNPATH_SEARCH_PATHS = (
					"$(inherited)",
					"@executable_path/Frameworks",
				);
				PRODUCT_BUNDLE_IDENTIFIER = "com.viniesantana.todo-app";
				PRODUCT_NAME = "$(TARGET_NAME)";
				SWIFT_VERSION = 5.0;
				TARGETED_DEVICE_FAMILY = "1,2";
			};
			name = Release;
		};
/* End XCBuildConfiguration section */

/* Begin XCConfigurationList section */
		817330A524AFA4CC00E66671 /* Build configuration list for PBXProject "todo_app" */ = {
			isa = XCConfigurationList;
			buildConfigurations = (
				817330BF24AFA4CD00E66671 /* Debug */,
				817330C024AFA4CD00E66671 /* Release */,
			);
			defaultConfigurationIsVisible = 0;
			defaultConfigurationName = Release;
		};
		817330C124AFA4CD00E66671 /* Build configuration list for PBXNativeTarget "todo_app" */ = {
			isa = XCConfigurationList;
			buildConfigurations = (
				817330C224AFA4CD00E66671 /* Debug */,
				817330C324AFA4CD00E66671 /* Release */,
			);
			defaultConfigurationIsVisible = 0;
			defaultConfigurationName = Release;
		};
/* End XCConfigurationList section */

/* Begin XCVersionGroup section */
		817330B624AFA4CC00E66671 /* todo_app.xcdatamodeld */ = {
			isa = XCVersionGroup;
			children = (
				817330B724AFA4CC00E66671 /* todo_app.xcdatamodel */,
			);
			currentVersion = 817330B724AFA4CC00E66671 /* todo_app.xcdatamodel */;
			path = todo_app.xcdatamodeld;
			sourceTree = "<group>";
			versionGroupType = wrapper.xcdatamodel;
		};
/* End XCVersionGroup section */
	};
	rootObject = 817330A224AFA4CC00E66671 /* Project object */;
}
